// !$*UTF8*$!
{
	archiveVersion = 1;
	classes = {
	};
	objectVersion = 46;
	objects = {

/* Begin PBXBuildFile section */
		5740102D1D32C22F001B0E3F /* HeartRateDataTests.swift in Sources */ = {isa = PBXBuildFile; fileRef = 5740102C1D32C22F001B0E3F /* HeartRateDataTests.swift */; };
		574524E81D313D8E00947F94 /* ChartDrawer.swift in Sources */ = {isa = PBXBuildFile; fileRef = 574524E71D313D8E00947F94 /* ChartDrawer.swift */; };
		574E44811D3581FB000D69BC /* Session.swift in Sources */ = {isa = PBXBuildFile; fileRef = 574E44801D3581FB000D69BC /* Session.swift */; };
		574E44881D3694C1000D69BC /* SessionStorage.swift in Sources */ = {isa = PBXBuildFile; fileRef = 574E44871D3694C1000D69BC /* SessionStorage.swift */; };
		574E448C1D36B897000D69BC /* SessionMetadataTests.swift in Sources */ = {isa = PBXBuildFile; fileRef = 574E448B1D36B897000D69BC /* SessionMetadataTests.swift */; };
		57D7997C1D2ABE3F008F7C58 /* AppDelegate.swift in Sources */ = {isa = PBXBuildFile; fileRef = 57D7997B1D2ABE3F008F7C58 /* AppDelegate.swift */; };
		57D7997E1D2ABE3F008F7C58 /* MainViewController.swift in Sources */ = {isa = PBXBuildFile; fileRef = 57D7997D1D2ABE3F008F7C58 /* MainViewController.swift */; };
		57D799811D2ABE3F008F7C58 /* Main.storyboard in Resources */ = {isa = PBXBuildFile; fileRef = 57D7997F1D2ABE3F008F7C58 /* Main.storyboard */; };
		57D799831D2ABE3F008F7C58 /* Assets.xcassets in Resources */ = {isa = PBXBuildFile; fileRef = 57D799821D2ABE3F008F7C58 /* Assets.xcassets */; };
		57D799861D2ABE3F008F7C58 /* LaunchScreen.storyboard in Resources */ = {isa = PBXBuildFile; fileRef = 57D799841D2ABE3F008F7C58 /* LaunchScreen.storyboard */; };
		57D7998E1D2ABFBD008F7C58 /* RecordViewController.swift in Sources */ = {isa = PBXBuildFile; fileRef = 57D7998D1D2ABFBD008F7C58 /* RecordViewController.swift */; };
		57D799921D2AD5F8008F7C58 /* HeartRateDelegate.swift in Sources */ = {isa = PBXBuildFile; fileRef = 57D799911D2AD5F8008F7C58 /* HeartRateDelegate.swift */; };
		57D799941D2AD6C5008F7C58 /* HeartRateDataPoint.swift in Sources */ = {isa = PBXBuildFile; fileRef = 57D799931D2AD6C5008F7C58 /* HeartRateDataPoint.swift */; };
		57D799961D2AD70F008F7C58 /* HeartRateMonitor.swift in Sources */ = {isa = PBXBuildFile; fileRef = 57D799951D2AD70F008F7C58 /* HeartRateMonitor.swift */; };
		57D799981D2AD768008F7C58 /* BLEHeartRateMonitor.swift in Sources */ = {isa = PBXBuildFile; fileRef = 57D799971D2AD768008F7C58 /* BLEHeartRateMonitor.swift */; };
		57D7999A1D2ADE07008F7C58 /* DevHeartRateMonitor.swift in Sources */ = {isa = PBXBuildFile; fileRef = 57D799991D2ADE07008F7C58 /* DevHeartRateMonitor.swift */; };
		57D7999C1D2B3181008F7C58 /* HeartRateData.swift in Sources */ = {isa = PBXBuildFile; fileRef = 57D7999B1D2B3181008F7C58 /* HeartRateData.swift */; };
		57D7999E1D2B3610008F7C58 /* HeartRateChart.swift in Sources */ = {isa = PBXBuildFile; fileRef = 57D7999D1D2B3610008F7C58 /* HeartRateChart.swift */; };
		57EFFC6D1D3716D7008FB3BF /* SwiftyJSON.swift in Sources */ = {isa = PBXBuildFile; fileRef = 57EFFC6C1D3716D7008FB3BF /* SwiftyJSON.swift */; };
		57EFFC6F1D372167008FB3BF /* Util.swift in Sources */ = {isa = PBXBuildFile; fileRef = 57EFFC6E1D372167008FB3BF /* Util.swift */; };
		57EFFC711D37C42E008FB3BF /* CoreDataController.swift in Sources */ = {isa = PBXBuildFile; fileRef = 57EFFC701D37C42E008FB3BF /* CoreDataController.swift */; };
		57EFFC741D37C781008FB3BF /* DataModel.xcdatamodeld in Sources */ = {isa = PBXBuildFile; fileRef = 57EFFC721D37C781008FB3BF /* DataModel.xcdatamodeld */; };
		57F48F0D1D37DB23006E034C /* SessionMetadataMO.swift in Sources */ = {isa = PBXBuildFile; fileRef = 57F48F0C1D37DB23006E034C /* SessionMetadataMO.swift */; };
/* End PBXBuildFile section */

/* Begin PBXContainerItemProxy section */
		574010251D32C173001B0E3F /* PBXContainerItemProxy */ = {
			isa = PBXContainerItemProxy;
			containerPortal = 57D799701D2ABE3E008F7C58 /* Project object */;
			proxyType = 1;
			remoteGlobalIDString = 57D799771D2ABE3F008F7C58;
			remoteInfo = AdamsHeart;
		};
/* End PBXContainerItemProxy section */

/* Begin PBXFileReference section */
		574010201D32C173001B0E3F /* AdamsHeartTests.xctest */ = {isa = PBXFileReference; explicitFileType = wrapper.cfbundle; includeInIndex = 0; path = AdamsHeartTests.xctest; sourceTree = BUILT_PRODUCTS_DIR; };
		574010241D32C173001B0E3F /* Info.plist */ = {isa = PBXFileReference; lastKnownFileType = text.plist.xml; path = Info.plist; sourceTree = "<group>"; };
		5740102C1D32C22F001B0E3F /* HeartRateDataTests.swift */ = {isa = PBXFileReference; fileEncoding = 4; lastKnownFileType = sourcecode.swift; path = HeartRateDataTests.swift; sourceTree = "<group>"; };
		574524E71D313D8E00947F94 /* ChartDrawer.swift */ = {isa = PBXFileReference; fileEncoding = 4; lastKnownFileType = sourcecode.swift; path = ChartDrawer.swift; sourceTree = "<group>"; };
		574E44801D3581FB000D69BC /* Session.swift */ = {isa = PBXFileReference; fileEncoding = 4; lastKnownFileType = sourcecode.swift; path = Session.swift; sourceTree = "<group>"; };
		574E44871D3694C1000D69BC /* SessionStorage.swift */ = {isa = PBXFileReference; fileEncoding = 4; lastKnownFileType = sourcecode.swift; name = SessionStorage.swift; path = Storage/SessionStorage.swift; sourceTree = "<group>"; };
		574E448B1D36B897000D69BC /* SessionMetadataTests.swift */ = {isa = PBXFileReference; fileEncoding = 4; lastKnownFileType = sourcecode.swift; path = SessionMetadataTests.swift; sourceTree = "<group>"; };
		57D799781D2ABE3F008F7C58 /* AdamsHeart.app */ = {isa = PBXFileReference; explicitFileType = wrapper.application; includeInIndex = 0; path = AdamsHeart.app; sourceTree = BUILT_PRODUCTS_DIR; };
		57D7997B1D2ABE3F008F7C58 /* AppDelegate.swift */ = {isa = PBXFileReference; lastKnownFileType = sourcecode.swift; path = AppDelegate.swift; sourceTree = "<group>"; };
		57D7997D1D2ABE3F008F7C58 /* MainViewController.swift */ = {isa = PBXFileReference; lastKnownFileType = sourcecode.swift; path = MainViewController.swift; sourceTree = "<group>"; };
		57D799801D2ABE3F008F7C58 /* Base */ = {isa = PBXFileReference; lastKnownFileType = file.storyboard; name = Base; path = Base.lproj/Main.storyboard; sourceTree = "<group>"; };
		57D799821D2ABE3F008F7C58 /* Assets.xcassets */ = {isa = PBXFileReference; lastKnownFileType = folder.assetcatalog; path = Assets.xcassets; sourceTree = "<group>"; };
		57D799851D2ABE3F008F7C58 /* Base */ = {isa = PBXFileReference; lastKnownFileType = file.storyboard; name = Base; path = Base.lproj/LaunchScreen.storyboard; sourceTree = "<group>"; };
		57D799871D2ABE3F008F7C58 /* Info.plist */ = {isa = PBXFileReference; lastKnownFileType = text.plist.xml; path = Info.plist; sourceTree = "<group>"; };
		57D7998D1D2ABFBD008F7C58 /* RecordViewController.swift */ = {isa = PBXFileReference; fileEncoding = 4; lastKnownFileType = sourcecode.swift; path = RecordViewController.swift; sourceTree = "<group>"; };
		57D799911D2AD5F8008F7C58 /* HeartRateDelegate.swift */ = {isa = PBXFileReference; fileEncoding = 4; lastKnownFileType = sourcecode.swift; path = HeartRateDelegate.swift; sourceTree = "<group>"; };
		57D799931D2AD6C5008F7C58 /* HeartRateDataPoint.swift */ = {isa = PBXFileReference; fileEncoding = 4; lastKnownFileType = sourcecode.swift; path = HeartRateDataPoint.swift; sourceTree = "<group>"; };
		57D799951D2AD70F008F7C58 /* HeartRateMonitor.swift */ = {isa = PBXFileReference; fileEncoding = 4; lastKnownFileType = sourcecode.swift; path = HeartRateMonitor.swift; sourceTree = "<group>"; };
		57D799971D2AD768008F7C58 /* BLEHeartRateMonitor.swift */ = {isa = PBXFileReference; fileEncoding = 4; lastKnownFileType = sourcecode.swift; path = BLEHeartRateMonitor.swift; sourceTree = "<group>"; };
		57D799991D2ADE07008F7C58 /* DevHeartRateMonitor.swift */ = {isa = PBXFileReference; fileEncoding = 4; lastKnownFileType = sourcecode.swift; path = DevHeartRateMonitor.swift; sourceTree = "<group>"; };
		57D7999B1D2B3181008F7C58 /* HeartRateData.swift */ = {isa = PBXFileReference; fileEncoding = 4; lastKnownFileType = sourcecode.swift; path = HeartRateData.swift; sourceTree = "<group>"; };
		57D7999D1D2B3610008F7C58 /* HeartRateChart.swift */ = {isa = PBXFileReference; fileEncoding = 4; lastKnownFileType = sourcecode.swift; path = HeartRateChart.swift; sourceTree = "<group>"; };
		57EFFC6C1D3716D7008FB3BF /* SwiftyJSON.swift */ = {isa = PBXFileReference; fileEncoding = 4; lastKnownFileType = sourcecode.swift; name = SwiftyJSON.swift; path = ../../SwiftyJSON/Source/SwiftyJSON.swift; sourceTree = "<group>"; };
		57EFFC6E1D372167008FB3BF /* Util.swift */ = {isa = PBXFileReference; fileEncoding = 4; lastKnownFileType = sourcecode.swift; path = Util.swift; sourceTree = "<group>"; };
		57EFFC701D37C42E008FB3BF /* CoreDataController.swift */ = {isa = PBXFileReference; fileEncoding = 4; lastKnownFileType = sourcecode.swift; name = CoreDataController.swift; path = Storage/CoreDataController.swift; sourceTree = "<group>"; };
		57EFFC731D37C781008FB3BF /* DataModel.xcdatamodel */ = {isa = PBXFileReference; lastKnownFileType = wrapper.xcdatamodel; path = DataModel.xcdatamodel; sourceTree = "<group>"; };
		57F48F0C1D37DB23006E034C /* SessionMetadataMO.swift */ = {isa = PBXFileReference; fileEncoding = 4; lastKnownFileType = sourcecode.swift; name = SessionMetadataMO.swift; path = Storage/SessionMetadataMO.swift; sourceTree = "<group>"; };
/* End PBXFileReference section */

/* Begin PBXFrameworksBuildPhase section */
		5740101D1D32C173001B0E3F /* Frameworks */ = {
			isa = PBXFrameworksBuildPhase;
			buildActionMask = 2147483647;
			files = (
			);
			runOnlyForDeploymentPostprocessing = 0;
		};
		57D799751D2ABE3F008F7C58 /* Frameworks */ = {
			isa = PBXFrameworksBuildPhase;
			buildActionMask = 2147483647;
			files = (
			);
			runOnlyForDeploymentPostprocessing = 0;
		};
/* End PBXFrameworksBuildPhase section */

/* Begin PBXGroup section */
		574010211D32C173001B0E3F /* AdamsHeartTests */ = {
			isa = PBXGroup;
			children = (
				574E448B1D36B897000D69BC /* SessionMetadataTests.swift */,
				5740102C1D32C22F001B0E3F /* HeartRateDataTests.swift */,
				574010241D32C173001B0E3F /* Info.plist */,
			);
			path = AdamsHeartTests;
			sourceTree = "<group>";
		};
		574E44841D368C4B000D69BC /* Storage */ = {
			isa = PBXGroup;
			children = (
				574E44871D3694C1000D69BC /* SessionStorage.swift */,
				57EFFC701D37C42E008FB3BF /* CoreDataController.swift */,
				57EFFC721D37C781008FB3BF /* DataModel.xcdatamodeld */,
				57F48F0C1D37DB23006E034C /* SessionMetadataMO.swift */,
			);
			name = Storage;
			sourceTree = "<group>";
		};
		57D7996F1D2ABE3E008F7C58 = {
			isa = PBXGroup;
			children = (
				57D7997A1D2ABE3F008F7C58 /* AdamsHeart */,
				574010211D32C173001B0E3F /* AdamsHeartTests */,
				57D799791D2ABE3F008F7C58 /* Products */,
			);
			sourceTree = "<group>";
		};
		57D799791D2ABE3F008F7C58 /* Products */ = {
			isa = PBXGroup;
			children = (
				57D799781D2ABE3F008F7C58 /* AdamsHeart.app */,
				574010201D32C173001B0E3F /* AdamsHeartTests.xctest */,
			);
			name = Products;
			sourceTree = "<group>";
		};
		57D7997A1D2ABE3F008F7C58 /* AdamsHeart */ = {
			isa = PBXGroup;
			children = (
				57EFFC6C1D3716D7008FB3BF /* SwiftyJSON.swift */,
				574E44841D368C4B000D69BC /* Storage */,
				57D7997B1D2ABE3F008F7C58 /* AppDelegate.swift */,
				57D7997D1D2ABE3F008F7C58 /* MainViewController.swift */,
				57D7998D1D2ABFBD008F7C58 /* RecordViewController.swift */,
				57D7997F1D2ABE3F008F7C58 /* Main.storyboard */,
				57D799821D2ABE3F008F7C58 /* Assets.xcassets */,
				57D799841D2ABE3F008F7C58 /* LaunchScreen.storyboard */,
				57D799871D2ABE3F008F7C58 /* Info.plist */,
				57D799911D2AD5F8008F7C58 /* HeartRateDelegate.swift */,
				57D799931D2AD6C5008F7C58 /* HeartRateDataPoint.swift */,
				57D799951D2AD70F008F7C58 /* HeartRateMonitor.swift */,
				57D799971D2AD768008F7C58 /* BLEHeartRateMonitor.swift */,
				57D799991D2ADE07008F7C58 /* DevHeartRateMonitor.swift */,
				57D7999B1D2B3181008F7C58 /* HeartRateData.swift */,
				57D7999D1D2B3610008F7C58 /* HeartRateChart.swift */,
				574524E71D313D8E00947F94 /* ChartDrawer.swift */,
				574E44801D3581FB000D69BC /* Session.swift */,
				57EFFC6E1D372167008FB3BF /* Util.swift */,
			);
			path = AdamsHeart;
			sourceTree = "<group>";
		};
/* End PBXGroup section */

/* Begin PBXNativeTarget section */
		5740101F1D32C173001B0E3F /* AdamsHeartTests */ = {
			isa = PBXNativeTarget;
			buildConfigurationList = 574010271D32C173001B0E3F /* Build configuration list for PBXNativeTarget "AdamsHeartTests" */;
			buildPhases = (
				5740101C1D32C173001B0E3F /* Sources */,
				5740101D1D32C173001B0E3F /* Frameworks */,
				5740101E1D32C173001B0E3F /* Resources */,
			);
			buildRules = (
			);
			dependencies = (
				574010261D32C173001B0E3F /* PBXTargetDependency */,
			);
			name = AdamsHeartTests;
			productName = AdamsHeartTests;
			productReference = 574010201D32C173001B0E3F /* AdamsHeartTests.xctest */;
			productType = "com.apple.product-type.bundle.unit-test";
		};
		57D799771D2ABE3F008F7C58 /* AdamsHeart */ = {
			isa = PBXNativeTarget;
			buildConfigurationList = 57D7998A1D2ABE3F008F7C58 /* Build configuration list for PBXNativeTarget "AdamsHeart" */;
			buildPhases = (
				57D799741D2ABE3F008F7C58 /* Sources */,
				57D799751D2ABE3F008F7C58 /* Frameworks */,
				57D799761D2ABE3F008F7C58 /* Resources */,
			);
			buildRules = (
			);
			dependencies = (
			);
			name = AdamsHeart;
			productName = AdamsHeart;
			productReference = 57D799781D2ABE3F008F7C58 /* AdamsHeart.app */;
			productType = "com.apple.product-type.application";
		};
/* End PBXNativeTarget section */

/* Begin PBXProject section */
		57D799701D2ABE3E008F7C58 /* Project object */ = {
			isa = PBXProject;
			attributes = {
				LastSwiftUpdateCheck = 0800;
				LastUpgradeCheck = 0800;
				ORGANIZATIONNAME = "Adam Duston";
				TargetAttributes = {
					5740101F1D32C173001B0E3F = {
						CreatedOnToolsVersion = 8.0;
						DevelopmentTeam = FH49SN26AD;
						DevelopmentTeamName = "Adam Duston";
						LastSwiftMigration = 0800;
						ProvisioningStyle = Automatic;
						TestTargetID = 57D799771D2ABE3F008F7C58;
					};
					57D799771D2ABE3F008F7C58 = {
						CreatedOnToolsVersion = 8.0;
						DevelopmentTeam = FH49SN26AD;
						DevelopmentTeamName = "Adam Duston";
						ProvisioningStyle = Automatic;
					};
				};
			};
			buildConfigurationList = 57D799731D2ABE3E008F7C58 /* Build configuration list for PBXProject "AdamsHeart" */;
			compatibilityVersion = "Xcode 3.2";
			developmentRegion = English;
			hasScannedForEncodings = 0;
			knownRegions = (
				en,
				Base,
			);
			mainGroup = 57D7996F1D2ABE3E008F7C58;
			productRefGroup = 57D799791D2ABE3F008F7C58 /* Products */;
			projectDirPath = "";
			projectRoot = "";
			targets = (
				57D799771D2ABE3F008F7C58 /* AdamsHeart */,
				5740101F1D32C173001B0E3F /* AdamsHeartTests */,
			);
		};
/* End PBXProject section */

/* Begin PBXResourcesBuildPhase section */
		5740101E1D32C173001B0E3F /* Resources */ = {
			isa = PBXResourcesBuildPhase;
			buildActionMask = 2147483647;
			files = (
			);
			runOnlyForDeploymentPostprocessing = 0;
		};
		57D799761D2ABE3F008F7C58 /* Resources */ = {
			isa = PBXResourcesBuildPhase;
			buildActionMask = 2147483647;
			files = (
				57D799861D2ABE3F008F7C58 /* LaunchScreen.storyboard in Resources */,
				57D799831D2ABE3F008F7C58 /* Assets.xcassets in Resources */,
				57D799811D2ABE3F008F7C58 /* Main.storyboard in Resources */,
			);
			runOnlyForDeploymentPostprocessing = 0;
		};
/* End PBXResourcesBuildPhase section */

/* Begin PBXSourcesBuildPhase section */
		5740101C1D32C173001B0E3F /* Sources */ = {
			isa = PBXSourcesBuildPhase;
			buildActionMask = 2147483647;
			files = (
				5740102D1D32C22F001B0E3F /* HeartRateDataTests.swift in Sources */,
				574E448C1D36B897000D69BC /* SessionMetadataTests.swift in Sources */,
			);
			runOnlyForDeploymentPostprocessing = 0;
		};
		57D799741D2ABE3F008F7C58 /* Sources */ = {
			isa = PBXSourcesBuildPhase;
			buildActionMask = 2147483647;
			files = (
				57D7998E1D2ABFBD008F7C58 /* RecordViewController.swift in Sources */,
				574524E81D313D8E00947F94 /* ChartDrawer.swift in Sources */,
				57EFFC6F1D372167008FB3BF /* Util.swift in Sources */,
				57EFFC6D1D3716D7008FB3BF /* SwiftyJSON.swift in Sources */,
				57EFFC711D37C42E008FB3BF /* CoreDataController.swift in Sources */,
				57D7997E1D2ABE3F008F7C58 /* MainViewController.swift in Sources */,
				57D799921D2AD5F8008F7C58 /* HeartRateDelegate.swift in Sources */,
				57D7999A1D2ADE07008F7C58 /* DevHeartRateMonitor.swift in Sources */,
				57D799941D2AD6C5008F7C58 /* HeartRateDataPoint.swift in Sources */,
				57F48F0D1D37DB23006E034C /* SessionMetadataMO.swift in Sources */,
				57D7997C1D2ABE3F008F7C58 /* AppDelegate.swift in Sources */,
				57D799961D2AD70F008F7C58 /* HeartRateMonitor.swift in Sources */,
				574E44811D3581FB000D69BC /* Session.swift in Sources */,
				57D7999C1D2B3181008F7C58 /* HeartRateData.swift in Sources */,
				57D799981D2AD768008F7C58 /* BLEHeartRateMonitor.swift in Sources */,
				57EFFC741D37C781008FB3BF /* DataModel.xcdatamodeld in Sources */,
				574E44881D3694C1000D69BC /* SessionStorage.swift in Sources */,
				57D7999E1D2B3610008F7C58 /* HeartRateChart.swift in Sources */,
			);
			runOnlyForDeploymentPostprocessing = 0;
		};
/* End PBXSourcesBuildPhase section */

/* Begin PBXTargetDependency section */
		574010261D32C173001B0E3F /* PBXTargetDependency */ = {
			isa = PBXTargetDependency;
			target = 57D799771D2ABE3F008F7C58 /* AdamsHeart */;
			targetProxy = 574010251D32C173001B0E3F /* PBXContainerItemProxy */;
		};
/* End PBXTargetDependency section */

/* Begin PBXVariantGroup section */
		57D7997F1D2ABE3F008F7C58 /* Main.storyboard */ = {
			isa = PBXVariantGroup;
			children = (
				57D799801D2ABE3F008F7C58 /* Base */,
			);
			name = Main.storyboard;
			sourceTree = "<group>";
		};
		57D799841D2ABE3F008F7C58 /* LaunchScreen.storyboard */ = {
			isa = PBXVariantGroup;
			children = (
				57D799851D2ABE3F008F7C58 /* Base */,
			);
			name = LaunchScreen.storyboard;
			sourceTree = "<group>";
		};
/* End PBXVariantGroup section */

/* Begin XCBuildConfiguration section */
		574010281D32C173001B0E3F /* Debug */ = {
			isa = XCBuildConfiguration;
			buildSettings = {
				BUNDLE_LOADER = "$(TEST_HOST)";
				CLANG_ENABLE_MODULES = YES;
				INFOPLIST_FILE = AdamsHeartTests/Info.plist;
				LD_RUNPATH_SEARCH_PATHS = "$(inherited) @executable_path/Frameworks @loader_path/Frameworks";
				PRODUCT_BUNDLE_IDENTIFIER = com.adamduston.AdamsHeartTests;
				PRODUCT_NAME = "$(TARGET_NAME)";
				SWIFT_OPTIMIZATION_LEVEL = "-Onone";
				SWIFT_VERSION = 3.0;
				TEST_HOST = "$(BUILT_PRODUCTS_DIR)/AdamsHeart.app/AdamsHeart";
			};
			name = Debug;
		};
		574010291D32C173001B0E3F /* Release */ = {
			isa = XCBuildConfiguration;
			buildSettings = {
				BUNDLE_LOADER = "$(TEST_HOST)";
				CLANG_ENABLE_MODULES = YES;
				INFOPLIST_FILE = AdamsHeartTests/Info.plist;
				LD_RUNPATH_SEARCH_PATHS = "$(inherited) @executable_path/Frameworks @loader_path/Frameworks";
				PRODUCT_BUNDLE_IDENTIFIER = com.adamduston.AdamsHeartTests;
				PRODUCT_NAME = "$(TARGET_NAME)";
				SWIFT_VERSION = 3.0;
				TEST_HOST = "$(BUILT_PRODUCTS_DIR)/AdamsHeart.app/AdamsHeart";
			};
			name = Release;
		};
		57D799881D2ABE3F008F7C58 /* Debug */ = {
			isa = XCBuildConfiguration;
			buildSettings = {
				ALWAYS_SEARCH_USER_PATHS = NO;
				CLANG_ANALYZER_NONNULL = YES;
				CLANG_CXX_LANGUAGE_STANDARD = "gnu++0x";
				CLANG_CXX_LIBRARY = "libc++";
				CLANG_ENABLE_MODULES = YES;
				CLANG_ENABLE_OBJC_ARC = YES;
				CLANG_WARN_BOOL_CONVERSION = YES;
				CLANG_WARN_CONSTANT_CONVERSION = YES;
				CLANG_WARN_DIRECT_OBJC_ISA_USAGE = YES_ERROR;
				CLANG_WARN_DOCUMENTATION_COMMENTS = YES;
				CLANG_WARN_EMPTY_BODY = YES;
				CLANG_WARN_ENUM_CONVERSION = YES;
				CLANG_WARN_INT_CONVERSION = YES;
				CLANG_WARN_OBJC_ROOT_CLASS = YES_ERROR;
				CLANG_WARN_UNREACHABLE_CODE = YES;
				CLANG_WARN__DUPLICATE_METHOD_MATCH = YES;
				"CODE_SIGN_IDENTITY[sdk=iphoneos*]" = "iPhone Developer";
				COPY_PHASE_STRIP = NO;
				DEBUG_INFORMATION_FORMAT = dwarf;
				ENABLE_STRICT_OBJC_MSGSEND = YES;
				ENABLE_TESTABILITY = YES;
				GCC_C_LANGUAGE_STANDARD = gnu99;
				GCC_DYNAMIC_NO_PIC = NO;
				GCC_NO_COMMON_BLOCKS = YES;
				GCC_OPTIMIZATION_LEVEL = 0;
				GCC_PREPROCESSOR_DEFINITIONS = (
					"DEBUG=1",
					"$(inherited)",
				);
				GCC_WARN_64_TO_32_BIT_CONVERSION = YES;
				GCC_WARN_ABOUT_RETURN_TYPE = YES_ERROR;
				GCC_WARN_UNDECLARED_SELECTOR = YES;
				GCC_WARN_UNINITIALIZED_AUTOS = YES_AGGRESSIVE;
				GCC_WARN_UNUSED_FUNCTION = YES;
				GCC_WARN_UNUSED_VARIABLE = YES;
				IPHONEOS_DEPLOYMENT_TARGET = 10.0;
				MTL_ENABLE_DEBUG_INFO = YES;
				ONLY_ACTIVE_ARCH = YES;
				SDKROOT = iphoneos;
				SWIFT_ACTIVE_COMPILATION_CONDITIONS = DEBUG;
				SWIFT_OPTIMIZATION_LEVEL = "-Onone";
			};
			name = Debug;
		};
		57D799891D2ABE3F008F7C58 /* Release */ = {
			isa = XCBuildConfiguration;
			buildSettings = {
				ALWAYS_SEARCH_USER_PATHS = NO;
				CLANG_ANALYZER_NONNULL = YES;
				CLANG_CXX_LANGUAGE_STANDARD = "gnu++0x";
				CLANG_CXX_LIBRARY = "libc++";
				CLANG_ENABLE_MODULES = YES;
				CLANG_ENABLE_OBJC_ARC = YES;
				CLANG_WARN_BOOL_CONVERSION = YES;
				CLANG_WARN_CONSTANT_CONVERSION = YES;
				CLANG_WARN_DIRECT_OBJC_ISA_USAGE = YES_ERROR;
				CLANG_WARN_DOCUMENTATION_COMMENTS = YES;
				CLANG_WARN_EMPTY_BODY = YES;
				CLANG_WARN_ENUM_CONVERSION = YES;
				CLANG_WARN_INT_CONVERSION = YES;
				CLANG_WARN_OBJC_ROOT_CLASS = YES_ERROR;
				CLANG_WARN_UNREACHABLE_CODE = YES;
				CLANG_WARN__DUPLICATE_METHOD_MATCH = YES;
				"CODE_SIGN_IDENTITY[sdk=iphoneos*]" = "iPhone Developer";
				COPY_PHASE_STRIP = NO;
				DEBUG_INFORMATION_FORMAT = "dwarf-with-dsym";
				ENABLE_NS_ASSERTIONS = NO;
				ENABLE_STRICT_OBJC_MSGSEND = YES;
				GCC_C_LANGUAGE_STANDARD = gnu99;
				GCC_NO_COMMON_BLOCKS = YES;
				GCC_WARN_64_TO_32_BIT_CONVERSION = YES;
				GCC_WARN_ABOUT_RETURN_TYPE = YES_ERROR;
				GCC_WARN_UNDECLARED_SELECTOR = YES;
				GCC_WARN_UNINITIALIZED_AUTOS = YES_AGGRESSIVE;
				GCC_WARN_UNUSED_FUNCTION = YES;
				GCC_WARN_UNUSED_VARIABLE = YES;
				IPHONEOS_DEPLOYMENT_TARGET = 10.0;
				MTL_ENABLE_DEBUG_INFO = NO;
				SDKROOT = iphoneos;
				SWIFT_OPTIMIZATION_LEVEL = "-Owholemodule";
				VALIDATE_PRODUCT = YES;
			};
			name = Release;
		};
		57D7998B1D2ABE3F008F7C58 /* Debug */ = {
			isa = XCBuildConfiguration;
			buildSettings = {
				ASSETCATALOG_COMPILER_APPICON_NAME = AppIcon;
				INFOPLIST_FILE = AdamsHeart/Info.plist;
				LD_RUNPATH_SEARCH_PATHS = "$(inherited) @executable_path/Frameworks";
				PRODUCT_BUNDLE_IDENTIFIER = com.adamduston.AdamsHeart;
				PRODUCT_NAME = "$(TARGET_NAME)";
				SWIFT_VERSION = 3.0;
			};
			name = Debug;
		};
		57D7998C1D2ABE3F008F7C58 /* Release */ = {
			isa = XCBuildConfiguration;
			buildSettings = {
				ASSETCATALOG_COMPILER_APPICON_NAME = AppIcon;
				INFOPLIST_FILE = AdamsHeart/Info.plist;
				LD_RUNPATH_SEARCH_PATHS = "$(inherited) @executable_path/Frameworks";
				PRODUCT_BUNDLE_IDENTIFIER = com.adamduston.AdamsHeart;
				PRODUCT_NAME = "$(TARGET_NAME)";
				SWIFT_VERSION = 3.0;
			};
			name = Release;
		};
/* End XCBuildConfiguration section */

/* Begin XCConfigurationList section */
		574010271D32C173001B0E3F /* Build configuration list for PBXNativeTarget "AdamsHeartTests" */ = {
			isa = XCConfigurationList;
			buildConfigurations = (
				574010281D32C173001B0E3F /* Debug */,
				574010291D32C173001B0E3F /* Release */,
			);
			defaultConfigurationIsVisible = 0;
			defaultConfigurationName = Release;
		};
		57D799731D2ABE3E008F7C58 /* Build configuration list for PBXProject "AdamsHeart" */ = {
			isa = XCConfigurationList;
			buildConfigurations = (
				57D799881D2ABE3F008F7C58 /* Debug */,
				57D799891D2ABE3F008F7C58 /* Release */,
			);
			defaultConfigurationIsVisible = 0;
			defaultConfigurationName = Release;
		};
		57D7998A1D2ABE3F008F7C58 /* Build configuration list for PBXNativeTarget "AdamsHeart" */ = {
			isa = XCConfigurationList;
			buildConfigurations = (
				57D7998B1D2ABE3F008F7C58 /* Debug */,
				57D7998C1D2ABE3F008F7C58 /* Release */,
			);
			defaultConfigurationIsVisible = 0;
			defaultConfigurationName = Release;
		};
/* End XCConfigurationList section */

/* Begin XCVersionGroup section */
		57EFFC721D37C781008FB3BF /* DataModel.xcdatamodeld */ = {
			isa = XCVersionGroup;
			children = (
				57EFFC731D37C781008FB3BF /* DataModel.xcdatamodel */,
			);
			currentVersion = 57EFFC731D37C781008FB3BF /* DataModel.xcdatamodel */;
			name = DataModel.xcdatamodeld;
			path = Storage/DataModel.xcdatamodeld;
			sourceTree = "<group>";
			versionGroupType = wrapper.xcdatamodel;
		};
/* End XCVersionGroup section */
	};
	rootObject = 57D799701D2ABE3E008F7C58 /* Project object */;
}
